{
  "originHash" : "5c24a7b9c3907a3645c5e181dbc98efb9683ce99a57123ce358301cf509bd358",
  "pins" : [
    {
      "identity" : "sdwebimage",
      "kind" : "remoteSourceControl",
      "location" : "https://github.com/SDWebImage/SDWebImage.git",
      "state" : {
        "revision" : "8a1be70a625683bc04d6903e2935bf23f3c6d609",
        "version" : "5.19.7"
      }
    },
    {
      "identity" : "sdwebimageswiftui",
      "kind" : "remoteSourceControl",
      "location" : "https://github.com/SDWebImage/SDWebImageSwiftUI.git",
      "state" : {
        "revision" : "5aa947356f4ea49a0c3b9968564267f6ea5abea7",
        "version" : "3.1.2"
      }
    }
  ],
  "version" : 3
}
